
Microsoft Visual Studio Solution File, Format Version 12.00
# Visual Studio 15
VisualStudioVersion = 15.0.27130.2036
MinimumVisualStudioVersion = 10.0.40219.1
Project("{8BC9CEB8-8B4A-11D0-8D11-00A0C91BC942}") = "cppcourse_a", "cppcourse_a\cppcourse_a.vcxproj", "{2D260583-FC72-44D8-AC9B-3E3ED4BE9D6D}"
EndProject
Project("{8BC9CEB8-8B4A-11D0-8D11-00A0C91BC942}") = "ex_01", "ex_01\ex_01.vcxproj", "{AA0B7C77-3131-48E1-90F1-F8A06C24CEDA}"
EndProject
Project("{8BC9CEB8-8B4A-11D0-8D11-00A0C91BC942}") = "dijkstra", "dijkstra\dijkstra.vcxproj", "{6F462043-4F64-4148-8EE1-3E6D0DAE4113}"
EndProject
Project("{8BC9CEB8-8B4A-11D0-8D11-00A0C91BC942}") = "dijkstra-test", "dijkstra-test\dijkstra-test.vcxproj", "{E029EDC1-0524-45D4-860D-2C35496D336C}"
EndProject
Global
	GlobalSection(SolutionConfigurationPlatforms) = preSolution
		Debug|x64 = Debug|x64
		Debug|x86 = Debug|x86
		Release|x64 = Release|x64
		Release|x86 = Release|x86
	EndGlobalSection
	GlobalSection(ProjectConfigurationPlatforms) = postSolution
		{2D260583-FC72-44D8-AC9B-3E3ED4BE9D6D}.Debug|x64.ActiveCfg = Debug|x64
		{2D260583-FC72-44D8-AC9B-3E3ED4BE9D6D}.Debug|x64.Build.0 = Debug|x64
		{2D260583-FC72-44D8-AC9B-3E3ED4BE9D6D}.Debug|x86.ActiveCfg = Debug|Win32
		{2D260583-FC72-44D8-AC9B-3E3ED4BE9D6D}.Release|x64.ActiveCfg = Release|x64
		{2D260583-FC72-44D8-AC9B-3E3ED4BE9D6D}.Release|x64.Build.0 = Release|x64
		{2D260583-FC72-44D8-AC9B-3E3ED4BE9D6D}.Release|x86.ActiveCfg = Release|Win32
		{2D260583-FC72-44D8-AC9B-3E3ED4BE9D6D}.Release|x86.Build.0 = Release|Win32
		{AA0B7C77-3131-48E1-90F1-F8A06C24CEDA}.Debug|x64.ActiveCfg = Debug|x64
		{AA0B7C77-3131-48E1-90F1-F8A06C24CEDA}.Debug|x64.Build.0 = Debug|x64
		{AA0B7C77-3131-48E1-90F1-F8A06C24CEDA}.Debug|x86.ActiveCfg = Debug|Win32
		{AA0B7C77-3131-48E1-90F1-F8A06C24CEDA}.Release|x64.ActiveCfg = Release|x64
		{AA0B7C77-3131-48E1-90F1-F8A06C24CEDA}.Release|x64.Build.0 = Release|x64
		{AA0B7C77-3131-48E1-90F1-F8A06C24CEDA}.Release|x86.ActiveCfg = Release|Win32
		{AA0B7C77-3131-48E1-90F1-F8A06C24CEDA}.Release|x86.Build.0 = Release|Win32
		{6F462043-4F64-4148-8EE1-3E6D0DAE4113}.Debug|x64.ActiveCfg = Debug|x64
		{6F462043-4F64-4148-8EE1-3E6D0DAE4113}.Debug|x64.Build.0 = Debug|x64
		{6F462043-4F64-4148-8EE1-3E6D0DAE4113}.Debug|x86.ActiveCfg = Debug|Win32
		{6F462043-4F64-4148-8EE1-3E6D0DAE4113}.Debug|x86.Build.0 = Debug|Win32
		{6F462043-4F64-4148-8EE1-3E6D0DAE4113}.Release|x64.ActiveCfg = Release|x64
		{6F462043-4F64-4148-8EE1-3E6D0DAE4113}.Release|x64.Build.0 = Release|x64
		{6F462043-4F64-4148-8EE1-3E6D0DAE4113}.Release|x86.ActiveCfg = Release|Win32
		{6F462043-4F64-4148-8EE1-3E6D0DAE4113}.Release|x86.Build.0 = Release|Win32
		{E029EDC1-0524-45D4-860D-2C35496D336C}.Debug|x64.ActiveCfg = Debug|x64
		{E029EDC1-0524-45D4-860D-2C35496D336C}.Debug|x64.Build.0 = Debug|x64
		{E029EDC1-0524-45D4-860D-2C35496D336C}.Debug|x86.ActiveCfg = Debug|Win32
		{E029EDC1-0524-45D4-860D-2C35496D336C}.Debug|x86.Build.0 = Debug|Win32
		{E029EDC1-0524-45D4-860D-2C35496D336C}.Release|x64.ActiveCfg = Release|x64
		{E029EDC1-0524-45D4-860D-2C35496D336C}.Release|x64.Build.0 = Release|x64
		{E029EDC1-0524-45D4-860D-2C35496D336C}.Release|x86.ActiveCfg = Release|Win32
		{E029EDC1-0524-45D4-860D-2C35496D336C}.Release|x86.Build.0 = Release|Win32
	EndGlobalSection
	GlobalSection(SolutionProperties) = preSolution
		HideSolutionNode = FALSE
	EndGlobalSection
	GlobalSection(ExtensibilityGlobals) = postSolution
		SolutionGuid = {2214D761-1161-4447-AB7D-9A261FA20BCD}
	EndGlobalSection
EndGlobal
